
Microsoft Visual Studio Solution File, Format Version 12.00
# Visual Studio Version 17
VisualStudioVersion = 17.0.31903.59
MinimumVisualStudioVersion = 10.0.40219.1
Project("{2150E333-8FDC-42A3-9474-1A3956D46DE8}") = "src", "src", "{827E0CD3-B72D-47B6-A68D-7590B98EB39B}"
EndProject
Project("{FAE04EC0-301F-11D3-BF4B-00C04F79EFBC}") = "Fcg.Api", "src\Fcg.Api\Fcg.Api.csproj", "{1A5B5781-15DB-4476-B31E-047809E4BA40}"
EndProject
Project("{FAE04EC0-301F-11D3-BF4B-00C04F79EFBC}") = "Fcg.Application", "src\Fcg.Application\Fcg.Application.csproj", "{A5A38D79-1DB6-423D-8ACE-DD96942E2D4B}"
EndProject
Project("{FAE04EC0-301F-11D3-BF4B-00C04F79EFBC}") = "Fcg.Domain", "src\Fcg.Domain\Fcg.Domain.csproj", "{3FEEF529-9BE7-4DBB-ADD6-9DAFA1E83327}"
EndProject
Project("{FAE04EC0-301F-11D3-BF4B-00C04F79EFBC}") = "Fcg.Infrastructure", "src\Fcg.Infrastructure\Fcg.Infrastructure.csproj", "{94C16CFC-6CEF-47CD-862B-55D0172674E2}"
EndProject
Project("{FAE04EC0-301F-11D3-BF4B-00C04F79EFBC}") = "Fcg.UnitTests", "tests\Fcg.UnitTests\Fcg.UnitTests.csproj", "{22F31AE9-9156-4FB1-90F4-CD3AFB1BC3B3}"
EndProject
Global
	GlobalSection(SolutionConfigurationPlatforms) = preSolution
		Debug|Any CPU = Debug|Any CPU
		Debug|x64 = Debug|x64
		Debug|x86 = Debug|x86
		Release|Any CPU = Release|Any CPU
		Release|x64 = Release|x64
		Release|x86 = Release|x86
	EndGlobalSection
	GlobalSection(ProjectConfigurationPlatforms) = postSolution
		{1A5B5781-15DB-4476-B31E-047809E4BA40}.Debug|Any CPU.ActiveCfg = Debug|Any CPU
		{1A5B5781-15DB-4476-B31E-047809E4BA40}.Debug|Any CPU.Build.0 = Debug|Any CPU
		{1A5B5781-15DB-4476-B31E-047809E4BA40}.Debug|x64.ActiveCfg = Debug|Any CPU
		{1A5B5781-15DB-4476-B31E-047809E4BA40}.Debug|x64.Build.0 = Debug|Any CPU
		{1A5B5781-15DB-4476-B31E-047809E4BA40}.Debug|x86.ActiveCfg = Debug|Any CPU
		{1A5B5781-15DB-4476-B31E-047809E4BA40}.Debug|x86.Build.0 = Debug|Any CPU
		{1A5B5781-15DB-4476-B31E-047809E4BA40}.Release|Any CPU.ActiveCfg = Release|Any CPU
		{1A5B5781-15DB-4476-B31E-047809E4BA40}.Release|Any CPU.Build.0 = Release|Any CPU
		{1A5B5781-15DB-4476-B31E-047809E4BA40}.Release|x64.ActiveCfg = Release|Any CPU
		{1A5B5781-15DB-4476-B31E-047809E4BA40}.Release|x64.Build.0 = Release|Any CPU
		{1A5B5781-15DB-4476-B31E-047809E4BA40}.Release|x86.ActiveCfg = Release|Any CPU
		{1A5B5781-15DB-4476-B31E-047809E4BA40}.Release|x86.Build.0 = Release|Any CPU
		{A5A38D79-1DB6-423D-8ACE-DD96942E2D4B}.Debug|Any CPU.ActiveCfg = Debug|Any CPU
		{A5A38D79-1DB6-423D-8ACE-DD96942E2D4B}.Debug|Any CPU.Build.0 = Debug|Any CPU
		{A5A38D79-1DB6-423D-8ACE-DD96942E2D4B}.Debug|x64.ActiveCfg = Debug|Any CPU
		{A5A38D79-1DB6-423D-8ACE-DD96942E2D4B}.Debug|x64.Build.0 = Debug|Any CPU
		{A5A38D79-1DB6-423D-8ACE-DD96942E2D4B}.Debug|x86.ActiveCfg = Debug|Any CPU
		{A5A38D79-1DB6-423D-8ACE-DD96942E2D4B}.Debug|x86.Build.0 = Debug|Any CPU
		{A5A38D79-1DB6-423D-8ACE-DD96942E2D4B}.Release|Any CPU.ActiveCfg = Release|Any CPU
		{A5A38D79-1DB6-423D-8ACE-DD96942E2D4B}.Release|Any CPU.Build.0 = Release|Any CPU
		{A5A38D79-1DB6-423D-8ACE-DD96942E2D4B}.Release|x64.ActiveCfg = Release|Any CPU
		{A5A38D79-1DB6-423D-8ACE-DD96942E2D4B}.Release|x64.Build.0 = Release|Any CPU
		{A5A38D79-1DB6-423D-8ACE-DD96942E2D4B}.Release|x86.ActiveCfg = Release|Any CPU
		{A5A38D79-1DB6-423D-8ACE-DD96942E2D4B}.Release|x86.Build.0 = Release|Any CPU
		{3FEEF529-9BE7-4DBB-ADD6-9DAFA1E83327}.Debug|Any CPU.ActiveCfg = Debug|Any CPU
		{3FEEF529-9BE7-4DBB-ADD6-9DAFA1E83327}.Debug|Any CPU.Build.0 = Debug|Any CPU
		{3FEEF529-9BE7-4DBB-ADD6-9DAFA1E83327}.Debug|x64.ActiveCfg = Debug|Any CPU
		{3FEEF529-9BE7-4DBB-ADD6-9DAFA1E83327}.Debug|x64.Build.0 = Debug|Any CPU
		{3FEEF529-9BE7-4DBB-ADD6-9DAFA1E83327}.Debug|x86.ActiveCfg = Debug|Any CPU
		{3FEEF529-9BE7-4DBB-ADD6-9DAFA1E83327}.Debug|x86.Build.0 = Debug|Any CPU
		{3FEEF529-9BE7-4DBB-ADD6-9DAFA1E83327}.Release|Any CPU.ActiveCfg = Release|Any CPU
		{3FEEF529-9BE7-4DBB-ADD6-9DAFA1E83327}.Release|Any CPU.Build.0 = Release|Any CPU
		{3FEEF529-9BE7-4DBB-ADD6-9DAFA1E83327}.Release|x64.ActiveCfg = Release|Any CPU
		{3FEEF529-9BE7-4DBB-ADD6-9DAFA1E83327}.Release|x64.Build.0 = Release|Any CPU
		{3FEEF529-9BE7-4DBB-ADD6-9DAFA1E83327}.Release|x86.ActiveCfg = Release|Any CPU
		{3FEEF529-9BE7-4DBB-ADD6-9DAFA1E83327}.Release|x86.Build.0 = Release|Any CPU
		{94C16CFC-6CEF-47CD-862B-55D0172674E2}.Debug|Any CPU.ActiveCfg = Debug|Any CPU
		{94C16CFC-6CEF-47CD-862B-55D0172674E2}.Debug|Any CPU.Build.0 = Debug|Any CPU
		{94C16CFC-6CEF-47CD-862B-55D0172674E2}.Debug|x64.ActiveCfg = Debug|Any CPU
		{94C16CFC-6CEF-47CD-862B-55D0172674E2}.Debug|x64.Build.0 = Debug|Any CPU
		{94C16CFC-6CEF-47CD-862B-55D0172674E2}.Debug|x86.ActiveCfg = Debug|Any CPU
		{94C16CFC-6CEF-47CD-862B-55D0172674E2}.Debug|x86.Build.0 = Debug|Any CPU
		{94C16CFC-6CEF-47CD-862B-55D0172674E2}.Release|Any CPU.ActiveCfg = Release|Any CPU
		{94C16CFC-6CEF-47CD-862B-55D0172674E2}.Release|Any CPU.Build.0 = Release|Any CPU
		{94C16CFC-6CEF-47CD-862B-55D0172674E2}.Release|x64.ActiveCfg = Release|Any CPU
		{94C16CFC-6CEF-47CD-862B-55D0172674E2}.Release|x64.Build.0 = Release|Any CPU
		{94C16CFC-6CEF-47CD-862B-55D0172674E2}.Release|x86.ActiveCfg = Release|Any CPU
		{94C16CFC-6CEF-47CD-862B-55D0172674E2}.Release|x86.Build.0 = Release|Any CPU
		{22F31AE9-9156-4FB1-90F4-CD3AFB1BC3B3}.Debug|Any CPU.ActiveCfg = Debug|Any CPU
		{22F31AE9-9156-4FB1-90F4-CD3AFB1BC3B3}.Debug|Any CPU.Build.0 = Debug|Any CPU
		{22F31AE9-9156-4FB1-90F4-CD3AFB1BC3B3}.Debug|x64.ActiveCfg = Debug|Any CPU
		{22F31AE9-9156-4FB1-90F4-CD3AFB1BC3B3}.Debug|x64.Build.0 = Debug|Any CPU
		{22F31AE9-9156-4FB1-90F4-CD3AFB1BC3B3}.Debug|x86.ActiveCfg = Debug|Any CPU
		{22F31AE9-9156-4FB1-90F4-CD3AFB1BC3B3}.Debug|x86.Build.0 = Debug|Any CPU
		{22F31AE9-9156-4FB1-90F4-CD3AFB1BC3B3}.Release|Any CPU.ActiveCfg = Release|Any CPU
		{22F31AE9-9156-4FB1-90F4-CD3AFB1BC3B3}.Release|Any CPU.Build.0 = Release|Any CPU
		{22F31AE9-9156-4FB1-90F4-CD3AFB1BC3B3}.Release|x64.ActiveCfg = Release|Any CPU
		{22F31AE9-9156-4FB1-90F4-CD3AFB1BC3B3}.Release|x64.Build.0 = Release|Any CPU
		{22F31AE9-9156-4FB1-90F4-CD3AFB1BC3B3}.Release|x86.ActiveCfg = Release|Any CPU
		{22F31AE9-9156-4FB1-90F4-CD3AFB1BC3B3}.Release|x86.Build.0 = Release|Any CPU
	EndGlobalSection
	GlobalSection(SolutionProperties) = preSolution
		HideSolutionNode = FALSE
	EndGlobalSection
	GlobalSection(NestedProjects) = preSolution
		{1A5B5781-15DB-4476-B31E-047809E4BA40} = {827E0CD3-B72D-47B6-A68D-7590B98EB39B}
		{A5A38D79-1DB6-423D-8ACE-DD96942E2D4B} = {827E0CD3-B72D-47B6-A68D-7590B98EB39B}
		{3FEEF529-9BE7-4DBB-ADD6-9DAFA1E83327} = {827E0CD3-B72D-47B6-A68D-7590B98EB39B}
		{94C16CFC-6CEF-47CD-862B-55D0172674E2} = {827E0CD3-B72D-47B6-A68D-7590B98EB39B}
		{22F31AE9-9156-4FB1-90F4-CD3AFB1BC3B3} = {827E0CD3-B72D-47B6-A68D-7590B98EB39B}
	EndGlobalSection
EndGlobal
